<?xml version="1.0" encoding="UTF-8"?>
<Scheme
   version = "1.3">
   <BuildAction>
      <BuildActionEntries>
         <BuildActionEntry
            buildForRunning = "YES">
            <BuildableReference
               BuildableIdentifier = "primary"
               BlueprintIdentifier = "D54CAE08B78E0C0E2221BC37"
               BuildableName = "NWTwitterAround.app"
               BlueprintName = "NWTwitterAround"
               ReferencedContainer = "container:NWTwitterAround.xcodeproj">
            </BuildableReference>
         </BuildActionEntry>
      </BuildActionEntries>
   </BuildAction>
   <LaunchAction
      useCustomWorkingDirectory = "NO"
      buildConfiguration = "Debug">
      <BuildableProductRunnable>
         <BuildableReference
            BuildableIdentifier = "primary"
            BlueprintIdentifier = "D54CAE08B78E0C0E2221BC37"
            BuildableName = "NWTwitterAround.app"
            BlueprintName = "NWTwitterAround"
            ReferencedContainer = "container:NWTwitterAround.xcodeproj">
         </BuildableReference>
      </BuildableProductRunnable>
   </LaunchAction>
</Scheme>
